
Microsoft Visual Studio Solution File, Format Version 12.00
# Visual Studio 2013
VisualStudioVersion = 12.0.30723.0
MinimumVisualStudioVersion = 10.0.40219.1
Project("{FAE04EC0-301F-11D3-BF4B-00C04F79EFBC}") = "WebApi", "WebApi\WebApi.csproj", "{F23152A5-D887-4E25-A91E-5A4DC2176EC4}"
EndProject
Project("{FAE04EC0-301F-11D3-BF4B-00C04F79EFBC}") = "SpringComp.Owin", "SpringComp.Owin\SpringComp.Owin.csproj", "{A7041BD1-CA1E-43EC-BAFA-3213150C6411}"
EndProject
Project("{FAE04EC0-301F-11D3-BF4B-00C04F79EFBC}") = "SpringComp.Owin.Interop", "SpringComp.Interop\SpringComp.Owin.Interop.csproj", "{D504F207-998E-41FE-B8F3-3EB6EED39DC0}"
EndProject
Project("{2150E333-8FDC-42A3-9474-1A3956D46DE8}") = ".nuget", ".nuget", "{17D3D7E9-029E-4A92-A763-C6F5D4B34731}"
	ProjectSection(SolutionItems) = preProject
		.nuget\NuGet.Config = .nuget\NuGet.Config
		.nuget\NuGet.exe = .nuget\NuGet.exe
		.nuget\NuGet.targets = .nuget\NuGet.targets
	EndProjectSection
EndProject
Global
	GlobalSection(SolutionConfigurationPlatforms) = preSolution
		Debug|Any CPU = Debug|Any CPU
		Release|Any CPU = Release|Any CPU
	EndGlobalSection
	GlobalSection(ProjectConfigurationPlatforms) = postSolution
		{F23152A5-D887-4E25-A91E-5A4DC2176EC4}.Debug|Any CPU.ActiveCfg = Debug|Any CPU
		{F23152A5-D887-4E25-A91E-5A4DC2176EC4}.Debug|Any CPU.Build.0 = Debug|Any CPU
		{F23152A5-D887-4E25-A91E-5A4DC2176EC4}.Release|Any CPU.ActiveCfg = Release|Any CPU
		{F23152A5-D887-4E25-A91E-5A4DC2176EC4}.Release|Any CPU.Build.0 = Release|Any CPU
		{A7041BD1-CA1E-43EC-BAFA-3213150C6411}.Debug|Any CPU.ActiveCfg = Debug|Any CPU
		{A7041BD1-CA1E-43EC-BAFA-3213150C6411}.Debug|Any CPU.Build.0 = Debug|Any CPU
		{A7041BD1-CA1E-43EC-BAFA-3213150C6411}.Release|Any CPU.ActiveCfg = Release|Any CPU
		{A7041BD1-CA1E-43EC-BAFA-3213150C6411}.Release|Any CPU.Build.0 = Release|Any CPU
		{D504F207-998E-41FE-B8F3-3EB6EED39DC0}.Debug|Any CPU.ActiveCfg = Debug|Any CPU
		{D504F207-998E-41FE-B8F3-3EB6EED39DC0}.Debug|Any CPU.Build.0 = Debug|Any CPU
		{D504F207-998E-41FE-B8F3-3EB6EED39DC0}.Release|Any CPU.ActiveCfg = Release|Any CPU
		{D504F207-998E-41FE-B8F3-3EB6EED39DC0}.Release|Any CPU.Build.0 = Release|Any CPU
	EndGlobalSection
	GlobalSection(SolutionProperties) = preSolution
		HideSolutionNode = FALSE
	EndGlobalSection
EndGlobal
